
Microsoft Visual Studio Solution File, Format Version 12.00
# Visual Studio 15
VisualStudioVersion = 15.0.28307.572
MinimumVisualStudioVersion = 10.0.40219.1
Project("{FAE04EC0-301F-11D3-BF4B-00C04F79EFBC}") = "AppGitHub", "AppGitHub\AppGitHub.csproj", "{A8C63E7D-2636-454C-89D0-5DF3F4F695EA}"
EndProject
Global
	GlobalSection(SolutionConfigurationPlatforms) = preSolution
		Debug|Any CPU = Debug|Any CPU
		Release|Any CPU = Release|Any CPU
	EndGlobalSection
	GlobalSection(ProjectConfigurationPlatforms) = postSolution
		{A8C63E7D-2636-454C-89D0-5DF3F4F695EA}.Debug|Any CPU.ActiveCfg = Debug|Any CPU
		{A8C63E7D-2636-454C-89D0-5DF3F4F695EA}.Debug|Any CPU.Build.0 = Debug|Any CPU
		{A8C63E7D-2636-454C-89D0-5DF3F4F695EA}.Release|Any CPU.ActiveCfg = Release|Any CPU
		{A8C63E7D-2636-454C-89D0-5DF3F4F695EA}.Release|Any CPU.Build.0 = Release|Any CPU
	EndGlobalSection
	GlobalSection(SolutionProperties) = preSolution
		HideSolutionNode = FALSE
	EndGlobalSection
	GlobalSection(ExtensibilityGlobals) = postSolution
		SolutionGuid = {10E5CB74-8AA2-4566-AF87-1BC8DBDDDB6E}
	EndGlobalSection
EndGlobal
